{
    "_meta": {
        "hash": {
            "sha256": "6ad66126c5b305686ddabef0c593d1cb57711247cc3117ac419e8826665db361"
        },
        "pipfile-spec": 6,
        "requires": {
            "python_version": "3.11"
        },
        "sources": [
            {
                "name": "pypi",
                "url": "https://pypi.org/simple",
                "verify_ssl": true
            }
        ]
    },
    "default": {
        "asgiref": {
            "hashes": [
                "sha256:5f184dc43b7e763efe848065441eac62229c9f7b0475f41f80e207a114eda4ce",
                "sha256:e8667a091e69529631969fd45dc268fa79b99c92c5fcdda727757e52146ec133"
            ],
            "markers": "python_version >= '3.9'",
            "version": "==3.11.1"
        },
        "django": {
            "hashes": [
                "sha256:04f354bf9d807a86ad1a8392fe3808d362358a8eafc322848e0e43e59b24371d",
                "sha256:59ea02020c3136fce14bef0bbece21a10a4febef5eed1c51c22ae468efa22200"
            ],
            "index": "pypi",
            "markers": "python_version >= '3.10'",
            "version": "==5.2.16"
        },
        "django-crispy-forms": {
            "hashes": [
                "sha256:4921a1087c6cd4f9fa3c139654c1de1c1c385f8bd6729aaee530bc0121ab4b93",
                "sha256:8ee0ae28b6b0ac41ff48a65944480c049fe8d1b0047086874fd7efabf4ec1374"
            ],
            "index": "pypi",
            "markers": "python_version >= '3.10'",
            "version": "==2.6"
        },
        "sqlparse": {
            "hashes": [
                "sha256:12a08b3bf3eec877c519589833aed092e2444e68240a3577e8e26148acc7b1ba",
                "sha256:e20d4a9b0b8585fdf63b10d30066c7c94c5d7a7ec47c889a2d83a3caa93ff28e"
            ],
            "markers": "python_version >= '3.8'",
            "version": "==0.5.5"
        },
        "tzdata": {
            "hashes": [
                "sha256:4a1518b8993086a7982523e071643f3c0e5f213e75b21318e78bcabfff9d1415",
                "sha256:dc096730c87af6cab1b171c9d532be840741ff5d459015e7f6947bd7d7e54931"
            ],
            "markers": "python_version >= '2'",
            "version": "==2026.3"
        }
    },
    "develop": {}
}
